<?xml version="1.0" encoding="utf-8"?>
<Project ToolsVersion="4.0" xmlns="http://schemas.microsoft.com/developer/msbuild/2003">
  <ItemGroup>
    <Filter Include="源文件">
      <UniqueIdentifier>{4FC737F1-C7A5-4376-A066-2A32D752A2FF}</UniqueIdentifier>
      <Extensions>cpp;c;cc;cxx;c++;cppm;ixx;def;odl;idl;hpj;bat;asm;asmx</Extensions>
    </Filter>
    <Filter Include="头文件">
      <UniqueIdentifier>{93995380-89BD-4b04-88EB-625FBE52EBFB}</UniqueIdentifier>
      <Extensions>h;hh;hpp;hxx;h++;hm;inl;inc;ipp;xsd</Extensions>
    </Filter>
    <Filter Include="资源文件">
      <UniqueIdentifier>{67DA6AB6-F800-4c08-8B7A-83BB121AAD01}</UniqueIdentifier>
      <Extensions>rc;ico;cur;bmp;dlg;rc2;rct;bin;rgs;gif;jpg;jpeg;jpe;resx;tiff;tif;png;wav;mfcribbon-ms</Extensions>
    </Filter>
  </ItemGroup>
  <ItemGroup>
    <ClCompile Include="PacketGenerator.ixx">
      <Filter>资源文件</Filter>
    </ClCompile>
    <ClCompile Include="RapidSimulator.cpp">
      <Filter>源文件</Filter>
    </ClCompile>
    <ClCompile Include="ZipfDistribution.ixx">
      <Filter>资源文件</Filter>
    </ClCompile>
    <ClCompile Include="GeometryDistribution.ixx">
      <Filter>资源文件</Filter>
    </ClCompile>
    <ClCompile Include="Packet.ixx">
      <Filter>资源文件</Filter>
    </ClCompile>
    <ClCompile Include="FrontScheduler.ixx">
      <Filter>资源文件</Filter>
    </ClCompile>
    <ClCompile Include="PacketQueue.ixx">
      <Filter>资源文件</Filter>
    </ClCompile>
    <ClCompile Include="Pir.ixx">
      <Filter>资源文件</Filter>
    </ClCompile>
    <ClCompile Include="BlockQueue.ixx">
      <Filter>资源文件</Filter>
    </ClCompile>
    <ClCompile Include="Piw.ixx">
      <Filter>资源文件</Filter>
    </ClCompile>
    <ClCompile Include="VirtualPipeline.ixx">
      <Filter>资源文件</Filter>
    </ClCompile>
    <ClCompile Include="ReadWritePeer.ixx">
      <Filter>资源文件</Filter>
    </ClCompile>
    <ClCompile Include="Pipeline.ixx">
      <Filter>资源文件</Filter>
    </ClCompile>
    <ClCompile Include="Device.ixx">
      <Filter>资源文件</Filter>
    </ClCompile>
    <ClCompile Include="RawPipeline.ixx">
      <Filter>资源文件</Filter>
    </ClCompile>
    <ClCompile Include="Experiment.ixx">
      <Filter>资源文件</Filter>
    </ClCompile>
    <ClCompile Include="SinglePeer.ixx">
      <Filter>资源文件</Filter>
    </ClCompile>
    <ClCompile Include="WriteBackGenerator.ixx">
      <Filter>资源文件</Filter>
    </ClCompile>
    <ClCompile Include="OverlapPeer.ixx">
      <Filter>资源文件</Filter>
    </ClCompile>
    <ClCompile Include="RoundRobinQueue.ixx">
      <Filter>资源文件</Filter>
    </ClCompile>
    <ClCompile Include="ExperimentBench.ixx">
      <Filter>资源文件</Filter>
    </ClCompile>
    <ClCompile Include="PacketAnalyzer.ixx">
      <Filter>资源文件</Filter>
    </ClCompile>
    <ClCompile Include="LinkedPacketQueue.ixx">
      <Filter>资源文件</Filter>
    </ClCompile>
    <ClCompile Include="SongPipeline.ixx">
      <Filter>资源文件</Filter>
    </ClCompile>
    <ClCompile Include="SeqIdMarker.ixx">
      <Filter>资源文件</Filter>
    </ClCompile>
    <ClCompile Include="SongPiw.ixx">
      <Filter>资源文件</Filter>
    </ClCompile>
    <ClCompile Include="ImprovedSongPipeline.ixx">
      <Filter>资源文件</Filter>
    </ClCompile>
    <ClCompile Include="SongPir.ixx">
      <Filter>资源文件</Filter>
    </ClCompile>
    <ClCompile Include="SongReadWritePeer.ixx">
      <Filter>资源文件</Filter>
    </ClCompile>
    <ClCompile Include="FlowInfo.ixx">
      <Filter>资源文件</Filter>
    </ClCompile>
    <ClCompile Include="StateTable.ixx">
      <Filter>资源文件</Filter>
    </ClCompile>
  </ItemGroup>
</Project>